
Microsoft Visual Studio Solution File, Format Version 12.00
# Visual Studio Version 17
VisualStudioVersion = 17.0.31903.59
MinimumVisualStudioVersion = 10.0.40219.1
Project("{FAE04EC0-301F-11D3-BF4B-00C04F79EFBC}") = "GymPi.Domain", "src\backend\GymPi.Domain\GymPi.Domain.csproj", "{2C24331E-14D3-4A72-A775-808F32529C05}"
EndProject
Project("{FAE04EC0-301F-11D3-BF4B-00C04F79EFBC}") = "GymPi.Application", "src\backend\GymPi.Application\GymPi.Application.csproj", "{3AA871CE-7D65-44BF-A277-07D833B80AF6}"
EndProject
Project("{FAE04EC0-301F-11D3-BF4B-00C04F79EFBC}") = "GymPi.Infrastructure", "src\backend\GymPi.Infrastructure\GymPi.Infrastructure.csproj", "{EF940E94-36F3-4C36-BCB4-A977EA94DB78}"
EndProject
Project("{FAE04EC0-301F-11D3-BF4B-00C04F79EFBC}") = "GymPi.Api", "src\backend\GymPi.Api\GymPi.Api.csproj", "{8FD0D04D-58BA-4882-8AA3-A7915266146A}"
EndProject
Project("{FAE04EC0-301F-11D3-BF4B-00C04F79EFBC}") = "GymPi.Api.IntegrationTests", "tests\backend\GymPi.Api.IntegrationTests\GymPi.Api.IntegrationTests.csproj", "{07C4ADDC-4855-4769-A7E4-DF12A151E3EB}"
EndProject
Project("{FAE04EC0-301F-11D3-BF4B-00C04F79EFBC}") = "GymPi.Domain.Tests", "tests\backend\GymPi.Domain.Tests\GymPi.Domain.Tests.csproj", "{C6F058AE-6BBD-46D6-BBB1-9015CF3ED535}"
EndProject
Project("{2150E333-8FDC-42A3-9474-1A3956D46DE8}") = "tests", "tests", "{0AB3BF05-4346-4AA6-1389-037BE0695223}"
EndProject
Project("{2150E333-8FDC-42A3-9474-1A3956D46DE8}") = "backend", "backend", "{C62EED4C-2AC9-F50F-E0BC-649CFEA98BDB}"
EndProject
Global
	GlobalSection(SolutionConfigurationPlatforms) = preSolution
		Debug|Any CPU = Debug|Any CPU
		Debug|x64 = Debug|x64
		Debug|x86 = Debug|x86
		Release|Any CPU = Release|Any CPU
		Release|x64 = Release|x64
		Release|x86 = Release|x86
	EndGlobalSection
	GlobalSection(ProjectConfigurationPlatforms) = postSolution
		{2C24331E-14D3-4A72-A775-808F32529C05}.Debug|Any CPU.ActiveCfg = Debug|Any CPU
		{2C24331E-14D3-4A72-A775-808F32529C05}.Debug|Any CPU.Build.0 = Debug|Any CPU
		{2C24331E-14D3-4A72-A775-808F32529C05}.Debug|x64.ActiveCfg = Debug|Any CPU
		{2C24331E-14D3-4A72-A775-808F32529C05}.Debug|x64.Build.0 = Debug|Any CPU
		{2C24331E-14D3-4A72-A775-808F32529C05}.Debug|x86.ActiveCfg = Debug|Any CPU
		{2C24331E-14D3-4A72-A775-808F32529C05}.Debug|x86.Build.0 = Debug|Any CPU
		{2C24331E-14D3-4A72-A775-808F32529C05}.Release|Any CPU.ActiveCfg = Release|Any CPU
		{2C24331E-14D3-4A72-A775-808F32529C05}.Release|Any CPU.Build.0 = Release|Any CPU
		{2C24331E-14D3-4A72-A775-808F32529C05}.Release|x64.ActiveCfg = Release|Any CPU
		{2C24331E-14D3-4A72-A775-808F32529C05}.Release|x64.Build.0 = Release|Any CPU
		{2C24331E-14D3-4A72-A775-808F32529C05}.Release|x86.ActiveCfg = Release|Any CPU
		{2C24331E-14D3-4A72-A775-808F32529C05}.Release|x86.Build.0 = Release|Any CPU
		{3AA871CE-7D65-44BF-A277-07D833B80AF6}.Debug|Any CPU.ActiveCfg = Debug|Any CPU
		{3AA871CE-7D65-44BF-A277-07D833B80AF6}.Debug|Any CPU.Build.0 = Debug|Any CPU
		{3AA871CE-7D65-44BF-A277-07D833B80AF6}.Debug|x64.ActiveCfg = Debug|Any CPU
		{3AA871CE-7D65-44BF-A277-07D833B80AF6}.Debug|x64.Build.0 = Debug|Any CPU
		{3AA871CE-7D65-44BF-A277-07D833B80AF6}.Debug|x86.ActiveCfg = Debug|Any CPU
		{3AA871CE-7D65-44BF-A277-07D833B80AF6}.Debug|x86.Build.0 = Debug|Any CPU
		{3AA871CE-7D65-44BF-A277-07D833B80AF6}.Release|Any CPU.ActiveCfg = Release|Any CPU
		{3AA871CE-7D65-44BF-A277-07D833B80AF6}.Release|Any CPU.Build.0 = Release|Any CPU
		{3AA871CE-7D65-44BF-A277-07D833B80AF6}.Release|x64.ActiveCfg = Release|Any CPU
		{3AA871CE-7D65-44BF-A277-07D833B80AF6}.Release|x64.Build.0 = Release|Any CPU
		{3AA871CE-7D65-44BF-A277-07D833B80AF6}.Release|x86.ActiveCfg = Release|Any CPU
		{3AA871CE-7D65-44BF-A277-07D833B80AF6}.Release|x86.Build.0 = Release|Any CPU
		{EF940E94-36F3-4C36-BCB4-A977EA94DB78}.Debug|Any CPU.ActiveCfg = Debug|Any CPU
		{EF940E94-36F3-4C36-BCB4-A977EA94DB78}.Debug|Any CPU.Build.0 = Debug|Any CPU
		{EF940E94-36F3-4C36-BCB4-A977EA94DB78}.Debug|x64.ActiveCfg = Debug|Any CPU
		{EF940E94-36F3-4C36-BCB4-A977EA94DB78}.Debug|x64.Build.0 = Debug|Any CPU
		{EF940E94-36F3-4C36-BCB4-A977EA94DB78}.Debug|x86.ActiveCfg = Debug|Any CPU
		{EF940E94-36F3-4C36-BCB4-A977EA94DB78}.Debug|x86.Build.0 = Debug|Any CPU
		{EF940E94-36F3-4C36-BCB4-A977EA94DB78}.Release|Any CPU.ActiveCfg = Release|Any CPU
		{EF940E94-36F3-4C36-BCB4-A977EA94DB78}.Release|Any CPU.Build.0 = Release|Any CPU
		{EF940E94-36F3-4C36-BCB4-A977EA94DB78}.Release|x64.ActiveCfg = Release|Any CPU
		{EF940E94-36F3-4C36-BCB4-A977EA94DB78}.Release|x64.Build.0 = Release|Any CPU
		{EF940E94-36F3-4C36-BCB4-A977EA94DB78}.Release|x86.ActiveCfg = Release|Any CPU
		{EF940E94-36F3-4C36-BCB4-A977EA94DB78}.Release|x86.Build.0 = Release|Any CPU
		{8FD0D04D-58BA-4882-8AA3-A7915266146A}.Debug|Any CPU.ActiveCfg = Debug|Any CPU
		{8FD0D04D-58BA-4882-8AA3-A7915266146A}.Debug|Any CPU.Build.0 = Debug|Any CPU
		{8FD0D04D-58BA-4882-8AA3-A7915266146A}.Debug|x64.ActiveCfg = Debug|Any CPU
		{8FD0D04D-58BA-4882-8AA3-A7915266146A}.Debug|x64.Build.0 = Debug|Any CPU
		{8FD0D04D-58BA-4882-8AA3-A7915266146A}.Debug|x86.ActiveCfg = Debug|Any CPU
		{8FD0D04D-58BA-4882-8AA3-A7915266146A}.Debug|x86.Build.0 = Debug|Any CPU
		{8FD0D04D-58BA-4882-8AA3-A7915266146A}.Release|Any CPU.ActiveCfg = Release|Any CPU
		{8FD0D04D-58BA-4882-8AA3-A7915266146A}.Release|Any CPU.Build.0 = Release|Any CPU
		{8FD0D04D-58BA-4882-8AA3-A7915266146A}.Release|x64.ActiveCfg = Release|Any CPU
		{8FD0D04D-58BA-4882-8AA3-A7915266146A}.Release|x64.Build.0 = Release|Any CPU
		{8FD0D04D-58BA-4882-8AA3-A7915266146A}.Release|x86.ActiveCfg = Release|Any CPU
		{8FD0D04D-58BA-4882-8AA3-A7915266146A}.Release|x86.Build.0 = Release|Any CPU
		{07C4ADDC-4855-4769-A7E4-DF12A151E3EB}.Debug|Any CPU.ActiveCfg = Debug|Any CPU
		{07C4ADDC-4855-4769-A7E4-DF12A151E3EB}.Debug|Any CPU.Build.0 = Debug|Any CPU
		{07C4ADDC-4855-4769-A7E4-DF12A151E3EB}.Debug|x64.ActiveCfg = Debug|Any CPU
		{07C4ADDC-4855-4769-A7E4-DF12A151E3EB}.Debug|x64.Build.0 = Debug|Any CPU
		{07C4ADDC-4855-4769-A7E4-DF12A151E3EB}.Debug|x86.ActiveCfg = Debug|Any CPU
		{07C4ADDC-4855-4769-A7E4-DF12A151E3EB}.Debug|x86.Build.0 = Debug|Any CPU
		{07C4ADDC-4855-4769-A7E4-DF12A151E3EB}.Release|Any CPU.ActiveCfg = Release|Any CPU
		{07C4ADDC-4855-4769-A7E4-DF12A151E3EB}.Release|Any CPU.Build.0 = Release|Any CPU
		{07C4ADDC-4855-4769-A7E4-DF12A151E3EB}.Release|x64.ActiveCfg = Release|Any CPU
		{07C4ADDC-4855-4769-A7E4-DF12A151E3EB}.Release|x64.Build.0 = Release|Any CPU
		{07C4ADDC-4855-4769-A7E4-DF12A151E3EB}.Release|x86.ActiveCfg = Release|Any CPU
		{07C4ADDC-4855-4769-A7E4-DF12A151E3EB}.Release|x86.Build.0 = Release|Any CPU
		{C6F058AE-6BBD-46D6-BBB1-9015CF3ED535}.Debug|Any CPU.ActiveCfg = Debug|Any CPU
		{C6F058AE-6BBD-46D6-BBB1-9015CF3ED535}.Debug|Any CPU.Build.0 = Debug|Any CPU
		{C6F058AE-6BBD-46D6-BBB1-9015CF3ED535}.Debug|x64.ActiveCfg = Debug|Any CPU
		{C6F058AE-6BBD-46D6-BBB1-9015CF3ED535}.Debug|x64.Build.0 = Debug|Any CPU
		{C6F058AE-6BBD-46D6-BBB1-9015CF3ED535}.Debug|x86.ActiveCfg = Debug|Any CPU
		{C6F058AE-6BBD-46D6-BBB1-9015CF3ED535}.Debug|x86.Build.0 = Debug|Any CPU
		{C6F058AE-6BBD-46D6-BBB1-9015CF3ED535}.Release|Any CPU.ActiveCfg = Release|Any CPU
		{C6F058AE-6BBD-46D6-BBB1-9015CF3ED535}.Release|Any CPU.Build.0 = Release|Any CPU
		{C6F058AE-6BBD-46D6-BBB1-9015CF3ED535}.Release|x64.ActiveCfg = Release|Any CPU
		{C6F058AE-6BBD-46D6-BBB1-9015CF3ED535}.Release|x64.Build.0 = Release|Any CPU
		{C6F058AE-6BBD-46D6-BBB1-9015CF3ED535}.Release|x86.ActiveCfg = Release|Any CPU
		{C6F058AE-6BBD-46D6-BBB1-9015CF3ED535}.Release|x86.Build.0 = Release|Any CPU
	EndGlobalSection
	GlobalSection(SolutionProperties) = preSolution
		HideSolutionNode = FALSE
	EndGlobalSection
	GlobalSection(NestedProjects) = preSolution
		{C62EED4C-2AC9-F50F-E0BC-649CFEA98BDB} = {0AB3BF05-4346-4AA6-1389-037BE0695223}
	EndGlobalSection
EndGlobal
